
Microsoft Visual Studio Solution File, Format Version 12.00
Project("{FAE04EC0-301F-11D3-BF4B-00C04F79EFBC}") = "DAL", "DAL\DAL.csproj", "{6BB62949-9860-4E8F-8DDF-B06BD741F41A}"
EndProject
Project("{FAE04EC0-301F-11D3-BF4B-00C04F79EFBC}") = "BL", "BL\BL.csproj", "{3790455E-1E83-4008-80FA-0B0964408048}"
EndProject
Project("{FAE04EC0-301F-11D3-BF4B-00C04F79EFBC}") = "UI-Server", "UI-Server\UI-Server.csproj", "{8C05DE94-4027-4C69-925B-EF2A9FC2F9F0}"
EndProject
Project("{FAE04EC0-301F-11D3-BF4B-00C04F79EFBC}") = "BL.Domain", "BL.Domain\BL.Domain.csproj", "{721757FF-34C5-4BF9-96CB-062FFAB1CF31}"
EndProject
Project("{FAE04EC0-301F-11D3-BF4B-00C04F79EFBC}") = "TestAI", "TestAI\TestAI.csproj", "{8270BE3C-6C63-42D3-A8EF-54636D20DAE9}"
EndProject
Global
	GlobalSection(SolutionConfigurationPlatforms) = preSolution
		Debug|Any CPU = Debug|Any CPU
		Release|Any CPU = Release|Any CPU
	EndGlobalSection
	GlobalSection(ProjectConfigurationPlatforms) = postSolution
		{6BB62949-9860-4E8F-8DDF-B06BD741F41A}.Debug|Any CPU.ActiveCfg = Debug|Any CPU
		{6BB62949-9860-4E8F-8DDF-B06BD741F41A}.Debug|Any CPU.Build.0 = Debug|Any CPU
		{6BB62949-9860-4E8F-8DDF-B06BD741F41A}.Release|Any CPU.ActiveCfg = Release|Any CPU
		{6BB62949-9860-4E8F-8DDF-B06BD741F41A}.Release|Any CPU.Build.0 = Release|Any CPU
		{3790455E-1E83-4008-80FA-0B0964408048}.Debug|Any CPU.ActiveCfg = Debug|Any CPU
		{3790455E-1E83-4008-80FA-0B0964408048}.Debug|Any CPU.Build.0 = Debug|Any CPU
		{3790455E-1E83-4008-80FA-0B0964408048}.Release|Any CPU.ActiveCfg = Release|Any CPU
		{3790455E-1E83-4008-80FA-0B0964408048}.Release|Any CPU.Build.0 = Release|Any CPU
		{8C05DE94-4027-4C69-925B-EF2A9FC2F9F0}.Debug|Any CPU.ActiveCfg = Debug|Any CPU
		{8C05DE94-4027-4C69-925B-EF2A9FC2F9F0}.Debug|Any CPU.Build.0 = Debug|Any CPU
		{8C05DE94-4027-4C69-925B-EF2A9FC2F9F0}.Release|Any CPU.ActiveCfg = Release|Any CPU
		{8C05DE94-4027-4C69-925B-EF2A9FC2F9F0}.Release|Any CPU.Build.0 = Release|Any CPU
		{721757FF-34C5-4BF9-96CB-062FFAB1CF31}.Debug|Any CPU.ActiveCfg = Debug|Any CPU
		{721757FF-34C5-4BF9-96CB-062FFAB1CF31}.Debug|Any CPU.Build.0 = Debug|Any CPU
		{721757FF-34C5-4BF9-96CB-062FFAB1CF31}.Release|Any CPU.ActiveCfg = Release|Any CPU
		{721757FF-34C5-4BF9-96CB-062FFAB1CF31}.Release|Any CPU.Build.0 = Release|Any CPU
		{8270BE3C-6C63-42D3-A8EF-54636D20DAE9}.Debug|Any CPU.ActiveCfg = Debug|Any CPU
		{8270BE3C-6C63-42D3-A8EF-54636D20DAE9}.Debug|Any CPU.Build.0 = Debug|Any CPU
		{8270BE3C-6C63-42D3-A8EF-54636D20DAE9}.Release|Any CPU.ActiveCfg = Release|Any CPU
		{8270BE3C-6C63-42D3-A8EF-54636D20DAE9}.Release|Any CPU.Build.0 = Release|Any CPU
	EndGlobalSection
EndGlobal
