
Microsoft Visual Studio Solution File, Format Version 12.00
Project("{FAE04EC0-301F-11D3-BF4B-00C04F79EFBC}") = "DAL", "DAL\DAL.csproj", "{6BB62949-9860-4E8F-8DDF-B06BD741F41A}"
EndProject
Project("{FAE04EC0-301F-11D3-BF4B-00C04F79EFBC}") = "BL", "BL\BL.csproj", "{3790455E-1E83-4008-80FA-0B0964408048}"
EndProject
Project("{FAE04EC0-301F-11D3-BF4B-00C04F79EFBC}") = "UI-Server", "UI-Server\UI-Server.csproj", "{EFA5473E-F98D-4B13-99C8-78FA5424D02B}"
EndProject
Global
	GlobalSection(SolutionConfigurationPlatforms) = preSolution
		Debug|Any CPU = Debug|Any CPU
		Release|Any CPU = Release|Any CPU
	EndGlobalSection
	GlobalSection(ProjectConfigurationPlatforms) = postSolution
		{6BB62949-9860-4E8F-8DDF-B06BD741F41A}.Debug|Any CPU.ActiveCfg = Debug|Any CPU
		{6BB62949-9860-4E8F-8DDF-B06BD741F41A}.Debug|Any CPU.Build.0 = Debug|Any CPU
		{6BB62949-9860-4E8F-8DDF-B06BD741F41A}.Release|Any CPU.ActiveCfg = Release|Any CPU
		{6BB62949-9860-4E8F-8DDF-B06BD741F41A}.Release|Any CPU.Build.0 = Release|Any CPU
		{3790455E-1E83-4008-80FA-0B0964408048}.Debug|Any CPU.ActiveCfg = Debug|Any CPU
		{3790455E-1E83-4008-80FA-0B0964408048}.Debug|Any CPU.Build.0 = Debug|Any CPU
		{3790455E-1E83-4008-80FA-0B0964408048}.Release|Any CPU.ActiveCfg = Release|Any CPU
		{3790455E-1E83-4008-80FA-0B0964408048}.Release|Any CPU.Build.0 = Release|Any CPU
		{EFA5473E-F98D-4B13-99C8-78FA5424D02B}.Debug|Any CPU.ActiveCfg = Debug|Any CPU
		{EFA5473E-F98D-4B13-99C8-78FA5424D02B}.Debug|Any CPU.Build.0 = Debug|Any CPU
		{EFA5473E-F98D-4B13-99C8-78FA5424D02B}.Release|Any CPU.ActiveCfg = Release|Any CPU
		{EFA5473E-F98D-4B13-99C8-78FA5424D02B}.Release|Any CPU.Build.0 = Release|Any CPU
	EndGlobalSection
EndGlobal
